// !$*UTF8*$!
{
	archiveVersion = 1;
	classes = {
	};
	objectVersion = 77;
	objects = {

/* Begin PBXBuildFile section */
		4B803FDA2E884E4C007F1BE1 /* FirebaseAuth in Frameworks */ = {isa = PBXBuildFile; productRef = 4B803FD92E884E4C007F1BE1 /* FirebaseAuth */; };
		4B803FDC2E884E4C007F1BE1 /* FirebaseCore in Frameworks */ = {isa = PBXBuildFile; productRef = 4B803FDB2E884E4C007F1BE1 /* FirebaseCore */; };
		4B803FDE2E884E4C007F1BE1 /* FirebaseDatabase in Frameworks */ = {isa = PBXBuildFile; productRef = 4B803FDD2E884E4C007F1BE1 /* FirebaseDatabase */; };
		4B803FE02E884E4C007F1BE1 /* FirebaseFirestore in Frameworks */ = {isa = PBXBuildFile; productRef = 4B803FDF2E884E4C007F1BE1 /* FirebaseFirestore */; };
		4B803FE22E884E4C007F1BE1 /* FirebaseStorage in Frameworks */ = {isa = PBXBuildFile; productRef = 4B803FE12E884E4C007F1BE1 /* FirebaseStorage */; };
		4B8D5B762E8C0F8600DD6D0A /* RealmSwift in Frameworks */ = {isa = PBXBuildFile; productRef = 4B8D5B752E8C0F8600DD6D0A /* RealmSwift */; };
		4B8D5BBF2E8C4AA100DD6D0A /* RealmSwift in Embed Frameworks */ = {isa = PBXBuildFile; productRef = 4B8D5B752E8C0F8600DD6D0A /* RealmSwift */; settings = {ATTRIBUTES = (CodeSignOnCopy, ); }; };
		4BABC1B22EC21AD70035EAAE /* StoreKit.framework in Frameworks */ = {isa = PBXBuildFile; fileRef = 4BABC1B12EC21AD70035EAAE /* StoreKit.framework */; };
		4BF27F3E2EA3387A00E6E3AF /* GoogleMobileAds in Frameworks */ = {isa = PBXBuildFile; productRef = 4BF27F3D2EA3387A00E6E3AF /* GoogleMobileAds */; };
/* End PBXBuildFile section */

/* Begin PBXContainerItemProxy section */
		4BD755D62E69E6C500DE6BE1 /* PBXContainerItemProxy */ = {
			isa = PBXContainerItemProxy;
			containerPortal = 4BD755C02E69E6C300DE6BE1 /* Project object */;
			proxyType = 1;
			remoteGlobalIDString = 4BD755C72E69E6C300DE6BE1;
			remoteInfo = mugenStudy;
		};
		4BD755E02E69E6C500DE6BE1 /* PBXContainerItemProxy */ = {
			isa = PBXContainerItemProxy;
			containerPortal = 4BD755C02E69E6C300DE6BE1 /* Project object */;
			proxyType = 1;
			remoteGlobalIDString = 4BD755C72E69E6C300DE6BE1;
			remoteInfo = mugenStudy;
		};
/* End PBXContainerItemProxy section */

/* Begin PBXCopyFilesBuildPhase section */
		4B8D5BC02E8C4AA100DD6D0A /* Embed Frameworks */ = {
			isa = PBXCopyFilesBuildPhase;
			buildActionMask = 2147483647;
			dstPath = "";
			dstSubfolderSpec = 10;
			files = (
				4B8D5BBF2E8C4AA100DD6D0A /* RealmSwift in Embed Frameworks */,
			);
			name = "Embed Frameworks";
			runOnlyForDeploymentPostprocessing = 0;
		};
/* End PBXCopyFilesBuildPhase section */

/* Begin PBXFileReference section */
		4BABC1B12EC21AD70035EAAE /* StoreKit.framework */ = {isa = PBXFileReference; lastKnownFileType = wrapper.framework; name = StoreKit.framework; path = System/Library/Frameworks/StoreKit.framework; sourceTree = SDKROOT; };
		4BD755C82E69E6C300DE6BE1 /* mugenStudy.app */ = {isa = PBXFileReference; explicitFileType = wrapper.application; includeInIndex = 0; path = mugenStudy.app; sourceTree = BUILT_PRODUCTS_DIR; };
		4BD755D52E69E6C500DE6BE1 /* mugenStudyTests.xctest */ = {isa = PBXFileReference; explicitFileType = wrapper.cfbundle; includeInIndex = 0; path = mugenStudyTests.xctest; sourceTree = BUILT_PRODUCTS_DIR; };
		4BD755DF2E69E6C500DE6BE1 /* mugenStudyUITests.xctest */ = {isa = PBXFileReference; explicitFileType = wrapper.cfbundle; includeInIndex = 0; path = mugenStudyUITests.xctest; sourceTree = BUILT_PRODUCTS_DIR; };
/* End PBXFileReference section */

/* Begin PBXFileSystemSynchronizedBuildFileExceptionSet section */
		4B8D5C0A2E92302000DD6D0A /* Exceptions for "mugenStudy" folder in "mugenStudy" target */ = {
			isa = PBXFileSystemSynchronizedBuildFileExceptionSet;
			membershipExceptions = (
				Info.plist,
			);
			target = 4BD755C72E69E6C300DE6BE1 /* mugenStudy */;
		};
/* End PBXFileSystemSynchronizedBuildFileExceptionSet section */

/* Begin PBXFileSystemSynchronizedRootGroup section */
		4BD755CA2E69E6C300DE6BE1 /* mugenStudy */ = {
			isa = PBXFileSystemSynchronizedRootGroup;
			exceptions = (
				4B8D5C0A2E92302000DD6D0A /* Exceptions for "mugenStudy" folder in "mugenStudy" target */,
			);
			path = mugenStudy;
			sourceTree = "<group>";
		};
		4BD755D82E69E6C500DE6BE1 /* mugenStudyTests */ = {
			isa = PBXFileSystemSynchronizedRootGroup;
			path = mugenStudyTests;
			sourceTree = "<group>";
		};
		4BD755E22E69E6C500DE6BE1 /* mugenStudyUITests */ = {
			isa = PBXFileSystemSynchronizedRootGroup;
			path = mugenStudyUITests;
			sourceTree = "<group>";
		};
/* End PBXFileSystemSynchronizedRootGroup section */

/* Begin PBXFrameworksBuildPhase section */
		4BD755C52E69E6C300DE6BE1 /* Frameworks */ = {
			isa = PBXFrameworksBuildPhase;
			buildActionMask = 2147483647;
			files = (
				4B803FDE2E884E4C007F1BE1 /* FirebaseDatabase in Frameworks */,
				4B8D5B762E8C0F8600DD6D0A /* RealmSwift in Frameworks */,
				4B803FE02E884E4C007F1BE1 /* FirebaseFirestore in Frameworks */,
				4BABC1B22EC21AD70035EAAE /* StoreKit.framework in Frameworks */,
				4B803FDC2E884E4C007F1BE1 /* FirebaseCore in Frameworks */,
				4B803FE22E884E4C007F1BE1 /* FirebaseStorage in Frameworks */,
				4B803FDA2E884E4C007F1BE1 /* FirebaseAuth in Frameworks */,
				4BF27F3E2EA3387A00E6E3AF /* GoogleMobileAds in Frameworks */,
			);
			runOnlyForDeploymentPostprocessing = 0;
		};
		4BD755D22E69E6C500DE6BE1 /* Frameworks */ = {
			isa = PBXFrameworksBuildPhase;
			buildActionMask = 2147483647;
			files = (
			);
			runOnlyForDeploymentPostprocessing = 0;
		};
		4BD755DC2E69E6C500DE6BE1 /* Frameworks */ = {
			isa = PBXFrameworksBuildPhase;
			buildActionMask = 2147483647;
			files = (
			);
			runOnlyForDeploymentPostprocessing = 0;
		};
/* End PBXFrameworksBuildPhase section */

/* Begin PBXGroup section */
		4BABC1B02EC21AD70035EAAE /* Frameworks */ = {
			isa = PBXGroup;
			children = (
				4BABC1B12EC21AD70035EAAE /* StoreKit.framework */,
			);
			name = Frameworks;
			sourceTree = "<group>";
		};
		4BD755BF2E69E6C300DE6BE1 = {
			isa = PBXGroup;
			children = (
				4BD755CA2E69E6C300DE6BE1 /* mugenStudy */,
				4BD755D82E69E6C500DE6BE1 /* mugenStudyTests */,
				4BD755E22E69E6C500DE6BE1 /* mugenStudyUITests */,
				4BABC1B02EC21AD70035EAAE /* Frameworks */,
				4BD755C92E69E6C300DE6BE1 /* Products */,
			);
			sourceTree = "<group>";
		};
		4BD755C92E69E6C300DE6BE1 /* Products */ = {
			isa = PBXGroup;
			children = (
				4BD755C82E69E6C300DE6BE1 /* mugenStudy.app */,
				4BD755D52E69E6C500DE6BE1 /* mugenStudyTests.xctest */,
				4BD755DF2E69E6C500DE6BE1 /* mugenStudyUITests.xctest */,
			);
			name = Products;
			sourceTree = "<group>";
		};
/* End PBXGroup section */

/* Begin PBXNativeTarget section */
		4BD755C72E69E6C300DE6BE1 /* mugenStudy */ = {
			isa = PBXNativeTarget;
			buildConfigurationList = 4BD755E92E69E6C500DE6BE1 /* Build configuration list for PBXNativeTarget "mugenStudy" */;
			buildPhases = (
				4BD755C42E69E6C300DE6BE1 /* Sources */,
				4BD755C52E69E6C300DE6BE1 /* Frameworks */,
				4BD755C62E69E6C300DE6BE1 /* Resources */,
				4B8D5BC02E8C4AA100DD6D0A /* Embed Frameworks */,
			);
			buildRules = (
			);
			dependencies = (
			);
			fileSystemSynchronizedGroups = (
				4BD755CA2E69E6C300DE6BE1 /* mugenStudy */,
			);
			name = mugenStudy;
			packageProductDependencies = (
				4B803FD92E884E4C007F1BE1 /* FirebaseAuth */,
				4B803FDB2E884E4C007F1BE1 /* FirebaseCore */,
				4B803FDD2E884E4C007F1BE1 /* FirebaseDatabase */,
				4B803FDF2E884E4C007F1BE1 /* FirebaseFirestore */,
				4B803FE12E884E4C007F1BE1 /* FirebaseStorage */,
				4B8D5B752E8C0F8600DD6D0A /* RealmSwift */,
				4BF27F3D2EA3387A00E6E3AF /* GoogleMobileAds */,
			);
			productName = mugenStudy;
			productReference = 4BD755C82E69E6C300DE6BE1 /* mugenStudy.app */;
			productType = "com.apple.product-type.application";
		};
		4BD755D42E69E6C500DE6BE1 /* mugenStudyTests */ = {
			isa = PBXNativeTarget;
			buildConfigurationList = 4BD755EC2E69E6C500DE6BE1 /* Build configuration list for PBXNativeTarget "mugenStudyTests" */;
			buildPhases = (
				4BD755D12E69E6C500DE6BE1 /* Sources */,
				4BD755D22E69E6C500DE6BE1 /* Frameworks */,
				4BD755D32E69E6C500DE6BE1 /* Resources */,
			);
			buildRules = (
			);
			dependencies = (
				4BD755D72E69E6C500DE6BE1 /* PBXTargetDependency */,
			);
			fileSystemSynchronizedGroups = (
				4BD755D82E69E6C500DE6BE1 /* mugenStudyTests */,
			);
			name = mugenStudyTests;
			packageProductDependencies = (
			);
			productName = mugenStudyTests;
			productReference = 4BD755D52E69E6C500DE6BE1 /* mugenStudyTests.xctest */;
			productType = "com.apple.product-type.bundle.unit-test";
		};
		4BD755DE2E69E6C500DE6BE1 /* mugenStudyUITests */ = {
			isa = PBXNativeTarget;
			buildConfigurationList = 4BD755EF2E69E6C500DE6BE1 /* Build configuration list for PBXNativeTarget "mugenStudyUITests" */;
			buildPhases = (
				4BD755DB2E69E6C500DE6BE1 /* Sources */,
				4BD755DC2E69E6C500DE6BE1 /* Frameworks */,
				4BD755DD2E69E6C500DE6BE1 /* Resources */,
			);
			buildRules = (
			);
			dependencies = (
				4BD755E12E69E6C500DE6BE1 /* PBXTargetDependency */,
			);
			fileSystemSynchronizedGroups = (
				4BD755E22E69E6C500DE6BE1 /* mugenStudyUITests */,
			);
			name = mugenStudyUITests;
			packageProductDependencies = (
			);
			productName = mugenStudyUITests;
			productReference = 4BD755DF2E69E6C500DE6BE1 /* mugenStudyUITests.xctest */;
			productType = "com.apple.product-type.bundle.ui-testing";
		};
/* End PBXNativeTarget section */

/* Begin PBXProject section */
		4BD755C02E69E6C300DE6BE1 /* Project object */ = {
			isa = PBXProject;
			attributes = {
				BuildIndependentTargetsInParallel = 1;
				LastSwiftUpdateCheck = 2600;
				LastUpgradeCheck = 2600;
				TargetAttributes = {
					4BD755C72E69E6C300DE6BE1 = {
						CreatedOnToolsVersion = 26.0;
					};
					4BD755D42E69E6C500DE6BE1 = {
						CreatedOnToolsVersion = 26.0;
						TestTargetID = 4BD755C72E69E6C300DE6BE1;
					};
					4BD755DE2E69E6C500DE6BE1 = {
						CreatedOnToolsVersion = 26.0;
						TestTargetID = 4BD755C72E69E6C300DE6BE1;
					};
				};
			};
			buildConfigurationList = 4BD755C32E69E6C300DE6BE1 /* Build configuration list for PBXProject "mugenStudy" */;
			developmentRegion = en;
			hasScannedForEncodings = 0;
			knownRegions = (
				en,
				Base,
			);
			mainGroup = 4BD755BF2E69E6C300DE6BE1;
			minimizedProjectReferenceProxies = 1;
			packageReferences = (
				4B803FD82E884E4C007F1BE1 /* XCRemoteSwiftPackageReference "firebase-ios-sdk" */,
				4B8D5B722E8C0F8600DD6D0A /* XCRemoteSwiftPackageReference "realm-swift" */,
				4BF27F3C2EA3387A00E6E3AF /* XCRemoteSwiftPackageReference "swift-package-manager-google-mobile-ads" */,
			);
			preferredProjectObjectVersion = 77;
			productRefGroup = 4BD755C92E69E6C300DE6BE1 /* Products */;
			projectDirPath = "";
			projectRoot = "";
			targets = (
				4BD755C72E69E6C300DE6BE1 /* mugenStudy */,
				4BD755D42E69E6C500DE6BE1 /* mugenStudyTests */,
				4BD755DE2E69E6C500DE6BE1 /* mugenStudyUITests */,
			);
		};
/* End PBXProject section */

/* Begin PBXResourcesBuildPhase section */
		4BD755C62E69E6C300DE6BE1 /* Resources */ = {
			isa = PBXResourcesBuildPhase;
			buildActionMask = 2147483647;
			files = (
			);
			runOnlyForDeploymentPostprocessing = 0;
		};
		4BD755D32E69E6C500DE6BE1 /* Resources */ = {
			isa = PBXResourcesBuildPhase;
			buildActionMask = 2147483647;
			files = (
			);
			runOnlyForDeploymentPostprocessing = 0;
		};
		4BD755DD2E69E6C500DE6BE1 /* Resources */ = {
			isa = PBXResourcesBuildPhase;
			buildActionMask = 2147483647;
			files = (
			);
			runOnlyForDeploymentPostprocessing = 0;
		};
/* End PBXResourcesBuildPhase section */

/* Begin PBXSourcesBuildPhase section */
		4BD755C42E69E6C300DE6BE1 /* Sources */ = {
			isa = PBXSourcesBuildPhase;
			buildActionMask = 2147483647;
			files = (
			);
			runOnlyForDeploymentPostprocessing = 0;
		};
		4BD755D12E69E6C500DE6BE1 /* Sources */ = {
			isa = PBXSourcesBuildPhase;
			buildActionMask = 2147483647;
			files = (
			);
			runOnlyForDeploymentPostprocessing = 0;
		};
		4BD755DB2E69E6C500DE6BE1 /* Sources */ = {
			isa = PBXSourcesBuildPhase;
			buildActionMask = 2147483647;
			files = (
			);
			runOnlyForDeploymentPostprocessing = 0;
		};
/* End PBXSourcesBuildPhase section */

/* Begin PBXTargetDependency section */
		4BD755D72E69E6C500DE6BE1 /* PBXTargetDependency */ = {
			isa = PBXTargetDependency;
			target = 4BD755C72E69E6C300DE6BE1 /* mugenStudy */;
			targetProxy = 4BD755D62E69E6C500DE6BE1 /* PBXContainerItemProxy */;
		};
		4BD755E12E69E6C500DE6BE1 /* PBXTargetDependency */ = {
			isa = PBXTargetDependency;
			target = 4BD755C72E69E6C300DE6BE1 /* mugenStudy */;
			targetProxy = 4BD755E02E69E6C500DE6BE1 /* PBXContainerItemProxy */;
		};
/* End PBXTargetDependency section */

/* Begin XCBuildConfiguration section */
		4BD755E72E69E6C500DE6BE1 /* Debug */ = {
			isa = XCBuildConfiguration;
			buildSettings = {
				ALWAYS_SEARCH_USER_PATHS = NO;
				ASSETCATALOG_COMPILER_GENERATE_SWIFT_ASSET_SYMBOL_EXTENSIONS = YES;
				CLANG_ANALYZER_NONNULL = YES;
				CLANG_ANALYZER_NUMBER_OBJECT_CONVERSION = YES_AGGRESSIVE;
				CLANG_CXX_LANGUAGE_STANDARD = "gnu++20";
				CLANG_ENABLE_MODULES = YES;
				CLANG_ENABLE_OBJC_ARC = YES;
				CLANG_ENABLE_OBJC_WEAK = YES;
				CLANG_WARN_BLOCK_CAPTURE_AUTORELEASING = YES;
				CLANG_WARN_BOOL_CONVERSION = YES;
				CLANG_WARN_COMMA = YES;
				CLANG_WARN_CONSTANT_CONVERSION = YES;
				CLANG_WARN_DEPRECATED_OBJC_IMPLEMENTATIONS = YES;
				CLANG_WARN_DIRECT_OBJC_ISA_USAGE = YES_ERROR;
				CLANG_WARN_DOCUMENTATION_COMMENTS = YES;
				CLANG_WARN_EMPTY_BODY = YES;
				CLANG_WARN_ENUM_CONVERSION = YES;
				CLANG_WARN_INFINITE_RECURSION = YES;
				CLANG_WARN_INT_CONVERSION = YES;
				CLANG_WARN_NON_LITERAL_NULL_CONVERSION = YES;
				CLANG_WARN_OBJC_IMPLICIT_RETAIN_SELF = YES;
				CLANG_WARN_OBJC_LITERAL_CONVERSION = YES;
				CLANG_WARN_OBJC_ROOT_CLASS = YES_ERROR;
				CLANG_WARN_QUOTED_INCLUDE_IN_FRAMEWORK_HEADER = YES;
				CLANG_WARN_RANGE_LOOP_ANALYSIS = YES;
				CLANG_WARN_STRICT_PROTOTYPES = YES;
				CLANG_WARN_SUSPICIOUS_MOVE = YES;
				CLANG_WARN_UNGUARDED_AVAILABILITY = YES_AGGRESSIVE;
				CLANG_WARN_UNREACHABLE_CODE = YES;
				CLANG_WARN__DUPLICATE_METHOD_MATCH = YES;
				COPY_PHASE_STRIP = NO;
				DEBUG_INFORMATION_FORMAT = dwarf;
				DEVELOPMENT_TEAM = 8236RZ538Q;
				ENABLE_STRICT_OBJC_MSGSEND = YES;
				ENABLE_TESTABILITY = YES;
				ENABLE_USER_SCRIPT_SANDBOXING = YES;
				GCC_C_LANGUAGE_STANDARD = gnu17;
				GCC_DYNAMIC_NO_PIC = NO;
				GCC_NO_COMMON_BLOCKS = YES;
				GCC_OPTIMIZATION_LEVEL = 0;
				GCC_PREPROCESSOR_DEFINITIONS = (
					"DEBUG=1",
					"$(inherited)",
				);
				GCC_WARN_64_TO_32_BIT_CONVERSION = YES;
				GCC_WARN_ABOUT_RETURN_TYPE = YES_ERROR;
				GCC_WARN_UNDECLARED_SELECTOR = YES;
				GCC_WARN_UNINITIALIZED_AUTOS = YES_AGGRESSIVE;
				GCC_WARN_UNUSED_FUNCTION = YES;
				GCC_WARN_UNUSED_VARIABLE = YES;
				LOCALIZATION_PREFERS_STRING_CATALOGS = YES;
				MTL_ENABLE_DEBUG_INFO = INCLUDE_SOURCE;
				MTL_FAST_MATH = YES;
				ONLY_ACTIVE_ARCH = YES;
				SWIFT_ACTIVE_COMPILATION_CONDITIONS = "DEBUG $(inherited)";
				SWIFT_OPTIMIZATION_LEVEL = "-Onone";
			};
			name = Debug;
		};
		4BD755E82E69E6C500DE6BE1 /* Release */ = {
			isa = XCBuildConfiguration;
			buildSettings = {
				ALWAYS_SEARCH_USER_PATHS = NO;
				ASSETCATALOG_COMPILER_GENERATE_SWIFT_ASSET_SYMBOL_EXTENSIONS = YES;
				CLANG_ANALYZER_NONNULL = YES;
				CLANG_ANALYZER_NUMBER_OBJECT_CONVERSION = YES_AGGRESSIVE;
				CLANG_CXX_LANGUAGE_STANDARD = "gnu++20";
				CLANG_ENABLE_MODULES = YES;
				CLANG_ENABLE_OBJC_ARC = YES;
				CLANG_ENABLE_OBJC_WEAK = YES;
				CLANG_WARN_BLOCK_CAPTURE_AUTORELEASING = YES;
				CLANG_WARN_BOOL_CONVERSION = YES;
				CLANG_WARN_COMMA = YES;
				CLANG_WARN_CONSTANT_CONVERSION = YES;
				CLANG_WARN_DEPRECATED_OBJC_IMPLEMENTATIONS = YES;
				CLANG_WARN_DIRECT_OBJC_ISA_USAGE = YES_ERROR;
				CLANG_WARN_DOCUMENTATION_COMMENTS = YES;
				CLANG_WARN_EMPTY_BODY = YES;
				CLANG_WARN_ENUM_CONVERSION = YES;
				CLANG_WARN_INFINITE_RECURSION = YES;
				CLANG_WARN_INT_CONVERSION = YES;
				CLANG_WARN_NON_LITERAL_NULL_CONVERSION = YES;
				CLANG_WARN_OBJC_IMPLICIT_RETAIN_SELF = YES;
				CLANG_WARN_OBJC_LITERAL_CONVERSION = YES;
				CLANG_WARN_OBJC_ROOT_CLASS = YES_ERROR;
				CLANG_WARN_QUOTED_INCLUDE_IN_FRAMEWORK_HEADER = YES;
				CLANG_WARN_RANGE_LOOP_ANALYSIS = YES;
				CLANG_WARN_STRICT_PROTOTYPES = YES;
				CLANG_WARN_SUSPICIOUS_MOVE = YES;
				CLANG_WARN_UNGUARDED_AVAILABILITY = YES_AGGRESSIVE;
				CLANG_WARN_UNREACHABLE_CODE = YES;
				CLANG_WARN__DUPLICATE_METHOD_MATCH = YES;
				COPY_PHASE_STRIP = NO;
				DEBUG_INFORMATION_FORMAT = "dwarf-with-dsym";
				DEVELOPMENT_TEAM = 8236RZ538Q;
				ENABLE_NS_ASSERTIONS = NO;
				ENABLE_STRICT_OBJC_MSGSEND = YES;
				ENABLE_USER_SCRIPT_SANDBOXING = YES;
				GCC_C_LANGUAGE_STANDARD = gnu17;
				GCC_NO_COMMON_BLOCKS = YES;
				GCC_WARN_64_TO_32_BIT_CONVERSION = YES;
				GCC_WARN_ABOUT_RETURN_TYPE = YES_ERROR;
				GCC_WARN_UNDECLARED_SELECTOR = YES;
				GCC_WARN_UNINITIALIZED_AUTOS = YES_AGGRESSIVE;
				GCC_WARN_UNUSED_FUNCTION = YES;
				GCC_WARN_UNUSED_VARIABLE = YES;
				LOCALIZATION_PREFERS_STRING_CATALOGS = YES;
				MTL_ENABLE_DEBUG_INFO = NO;
				MTL_FAST_MATH = YES;
				SWIFT_COMPILATION_MODE = wholemodule;
			};
			name = Release;
		};
		4BD755EA2E69E6C500DE6BE1 /* Debug */ = {
			isa = XCBuildConfiguration;
			baseConfigurationReferenceAnchor = 4BD755CA2E69E6C300DE6BE1 /* mugenStudy */;
			baseConfigurationReferenceRelativePath = Core/Config/Production.xcconfig;
			buildSettings = {
				ASSETCATALOG_COMPILER_APPICON_NAME = AppIcon;
				ASSETCATALOG_COMPILER_GLOBAL_ACCENT_COLOR_NAME = AccentColor;
				CODE_SIGN_STYLE = Automatic;
				CURRENT_PROJECT_VERSION = 1;
				DEVELOPMENT_TEAM = 8236RZ538Q;
				ENABLE_APP_SANDBOX = YES;
				ENABLE_HARDENED_RUNTIME = YES;
				ENABLE_PREVIEWS = YES;
				ENABLE_USER_SELECTED_FILES = readonly;
				GENERATE_INFOPLIST_FILE = YES;
				INFOPLIST_FILE = mugenStudy/Info.plist;
				"INFOPLIST_KEY_UIApplicationSceneManifest_Generation[sdk=iphoneos*]" = YES;
				"INFOPLIST_KEY_UIApplicationSceneManifest_Generation[sdk=iphonesimulator*]" = YES;
				"INFOPLIST_KEY_UIApplicationSupportsIndirectInputEvents[sdk=iphoneos*]" = YES;
				"INFOPLIST_KEY_UIApplicationSupportsIndirectInputEvents[sdk=iphonesimulator*]" = YES;
				"INFOPLIST_KEY_UILaunchScreen_Generation[sdk=iphoneos*]" = YES;
				"INFOPLIST_KEY_UILaunchScreen_Generation[sdk=iphonesimulator*]" = YES;
				"INFOPLIST_KEY_UIStatusBarStyle[sdk=iphoneos*]" = UIStatusBarStyleDefault;
				"INFOPLIST_KEY_UIStatusBarStyle[sdk=iphonesimulator*]" = UIStatusBarStyleDefault;
				INFOPLIST_KEY_UISupportedInterfaceOrientations_iPad = "UIInterfaceOrientationPortrait UIInterfaceOrientationPortraitUpsideDown UIInterfaceOrientationLandscapeLeft UIInterfaceOrientationLandscapeRight";
				INFOPLIST_KEY_UISupportedInterfaceOrientations_iPhone = "UIInterfaceOrientationPortrait UIInterfaceOrientationLandscapeLeft UIInterfaceOrientationLandscapeRight";
				IPHONEOS_DEPLOYMENT_TARGET = 26.0;
				LD_RUNPATH_SEARCH_PATHS = "@executable_path/Frameworks";
				"LD_RUNPATH_SEARCH_PATHS[sdk=macosx*]" = "@executable_path/../Frameworks";
				MACOSX_DEPLOYMENT_TARGET = 26.0;
				MARKETING_VERSION = 1.0;
				"OTHER_LDFLAGS[arch=*]" = "-ObjC";
				PRODUCT_BUNDLE_IDENTIFIER = sairyo.mugenStudy;
				PRODUCT_NAME = "$(TARGET_NAME)";
				REGISTER_APP_GROUPS = YES;
				SDKROOT = auto;
				STRING_CATALOG_GENERATE_SYMBOLS = YES;
				SUPPORTED_PLATFORMS = "iphoneos iphonesimulator macosx xros xrsimulator";
				SWIFT_APPROACHABLE_CONCURRENCY = YES;
				SWIFT_DEFAULT_ACTOR_ISOLATION = MainActor;
				SWIFT_EMIT_LOC_STRINGS = YES;
				SWIFT_UPCOMING_FEATURE_MEMBER_IMPORT_VISIBILITY = YES;
				SWIFT_VERSION = 5.0;
				TARGETED_DEVICE_FAMILY = "1,2,7";
				XROS_DEPLOYMENT_TARGET = 26.0;
			};
			name = Debug;
		};
		4BD755EB2E69E6C500DE6BE1 /* Release */ = {
			isa = XCBuildConfiguration;
			baseConfigurationReferenceAnchor = 4BD755CA2E69E6C300DE6BE1 /* mugenStudy */;
			baseConfigurationReferenceRelativePath = Core/Config/Production.xcconfig;
			buildSettings = {
				ASSETCATALOG_COMPILER_APPICON_NAME = AppIcon;
				ASSETCATALOG_COMPILER_GLOBAL_ACCENT_COLOR_NAME = AccentColor;
				CODE_SIGN_STYLE = Automatic;
				CURRENT_PROJECT_VERSION = 1;
				DEVELOPMENT_TEAM = 8236RZ538Q;
				ENABLE_APP_SANDBOX = YES;
				ENABLE_HARDENED_RUNTIME = YES;
				ENABLE_PREVIEWS = YES;
				ENABLE_USER_SELECTED_FILES = readonly;
				GENERATE_INFOPLIST_FILE = YES;
				INFOPLIST_FILE = mugenStudy/Info.plist;
				"INFOPLIST_KEY_UIApplicationSceneManifest_Generation[sdk=iphoneos*]" = YES;
				"INFOPLIST_KEY_UIApplicationSceneManifest_Generation[sdk=iphonesimulator*]" = YES;
				"INFOPLIST_KEY_UIApplicationSupportsIndirectInputEvents[sdk=iphoneos*]" = YES;
				"INFOPLIST_KEY_UIApplicationSupportsIndirectInputEvents[sdk=iphonesimulator*]" = YES;
				"INFOPLIST_KEY_UILaunchScreen_Generation[sdk=iphoneos*]" = YES;
				"INFOPLIST_KEY_UILaunchScreen_Generation[sdk=iphonesimulator*]" = YES;
				"INFOPLIST_KEY_UIStatusBarStyle[sdk=iphoneos*]" = UIStatusBarStyleDefault;
				"INFOPLIST_KEY_UIStatusBarStyle[sdk=iphonesimulator*]" = UIStatusBarStyleDefault;
				INFOPLIST_KEY_UISupportedInterfaceOrientations_iPad = "UIInterfaceOrientationPortrait UIInterfaceOrientationPortraitUpsideDown UIInterfaceOrientationLandscapeLeft UIInterfaceOrientationLandscapeRight";
				INFOPLIST_KEY_UISupportedInterfaceOrientations_iPhone = "UIInterfaceOrientationPortrait UIInterfaceOrientationLandscapeLeft UIInterfaceOrientationLandscapeRight";
				IPHONEOS_DEPLOYMENT_TARGET = 26.0;
				LD_RUNPATH_SEARCH_PATHS = "@executable_path/Frameworks";
				"LD_RUNPATH_SEARCH_PATHS[sdk=macosx*]" = "@executable_path/../Frameworks";
				MACOSX_DEPLOYMENT_TARGET = 26.0;
				MARKETING_VERSION = 1.0;
				"OTHER_LDFLAGS[arch=*]" = "-ObjC";
				PRODUCT_BUNDLE_IDENTIFIER = sairyo.mugenStudy;
				PRODUCT_NAME = "$(TARGET_NAME)";
				REGISTER_APP_GROUPS = YES;
				SDKROOT = auto;
				STRING_CATALOG_GENERATE_SYMBOLS = YES;
				SUPPORTED_PLATFORMS = "iphoneos iphonesimulator macosx xros xrsimulator";
				SWIFT_APPROACHABLE_CONCURRENCY = YES;
				SWIFT_DEFAULT_ACTOR_ISOLATION = MainActor;
				SWIFT_EMIT_LOC_STRINGS = YES;
				SWIFT_UPCOMING_FEATURE_MEMBER_IMPORT_VISIBILITY = YES;
				SWIFT_VERSION = 5.0;
				TARGETED_DEVICE_FAMILY = "1,2,7";
				XROS_DEPLOYMENT_TARGET = 26.0;
			};
			name = Release;
		};
		4BD755ED2E69E6C500DE6BE1 /* Debug */ = {
			isa = XCBuildConfiguration;
			buildSettings = {
				BUNDLE_LOADER = "$(TEST_HOST)";
				CODE_SIGN_STYLE = Automatic;
				CURRENT_PROJECT_VERSION = 1;
				DEVELOPMENT_TEAM = 8236RZ538Q;
				GENERATE_INFOPLIST_FILE = YES;
				IPHONEOS_DEPLOYMENT_TARGET = 26.0;
				MACOSX_DEPLOYMENT_TARGET = 26.0;
				MARKETING_VERSION = 1.0;
				PRODUCT_BUNDLE_IDENTIFIER = sairyo.mugenStudyTests;
				PRODUCT_NAME = "$(TARGET_NAME)";
				SDKROOT = auto;
				STRING_CATALOG_GENERATE_SYMBOLS = NO;
				SUPPORTED_PLATFORMS = "iphoneos iphonesimulator macosx xros xrsimulator";
				SWIFT_APPROACHABLE_CONCURRENCY = YES;
				SWIFT_EMIT_LOC_STRINGS = NO;
				SWIFT_UPCOMING_FEATURE_MEMBER_IMPORT_VISIBILITY = YES;
				SWIFT_VERSION = 5.0;
				TARGETED_DEVICE_FAMILY = "1,2,7";
				TEST_HOST = "$(BUILT_PRODUCTS_DIR)/mugenStudy.app/$(BUNDLE_EXECUTABLE_FOLDER_PATH)/mugenStudy";
				XROS_DEPLOYMENT_TARGET = 26.0;
			};
			name = Debug;
		};
		4BD755EE2E69E6C500DE6BE1 /* Release */ = {
			isa = XCBuildConfiguration;
			buildSettings = {
				BUNDLE_LOADER = "$(TEST_HOST)";
				CODE_SIGN_STYLE = Automatic;
				CURRENT_PROJECT_VERSION = 1;
				DEVELOPMENT_TEAM = 8236RZ538Q;
				GENERATE_INFOPLIST_FILE = YES;
				IPHONEOS_DEPLOYMENT_TARGET = 26.0;
				MACOSX_DEPLOYMENT_TARGET = 26.0;
				MARKETING_VERSION = 1.0;
				PRODUCT_BUNDLE_IDENTIFIER = sairyo.mugenStudyTests;
				PRODUCT_NAME = "$(TARGET_NAME)";
				SDKROOT = auto;
				STRING_CATALOG_GENERATE_SYMBOLS = NO;
				SUPPORTED_PLATFORMS = "iphoneos iphonesimulator macosx xros xrsimulator";
				SWIFT_APPROACHABLE_CONCURRENCY = YES;
				SWIFT_EMIT_LOC_STRINGS = NO;
				SWIFT_UPCOMING_FEATURE_MEMBER_IMPORT_VISIBILITY = YES;
				SWIFT_VERSION = 5.0;
				TARGETED_DEVICE_FAMILY = "1,2,7";
				TEST_HOST = "$(BUILT_PRODUCTS_DIR)/mugenStudy.app/$(BUNDLE_EXECUTABLE_FOLDER_PATH)/mugenStudy";
				XROS_DEPLOYMENT_TARGET = 26.0;
			};
			name = Release;
		};
		4BD755F02E69E6C500DE6BE1 /* Debug */ = {
			isa = XCBuildConfiguration;
			buildSettings = {
				CODE_SIGN_STYLE = Automatic;
				CURRENT_PROJECT_VERSION = 1;
				DEVELOPMENT_TEAM = 8236RZ538Q;
				GENERATE_INFOPLIST_FILE = YES;
				IPHONEOS_DEPLOYMENT_TARGET = 26.0;
				MACOSX_DEPLOYMENT_TARGET = 26.0;
				MARKETING_VERSION = 1.0;
				PRODUCT_BUNDLE_IDENTIFIER = sairyo.mugenStudyUITests;
				PRODUCT_NAME = "$(TARGET_NAME)";
				SDKROOT = auto;
				STRING_CATALOG_GENERATE_SYMBOLS = NO;
				SUPPORTED_PLATFORMS = "iphoneos iphonesimulator macosx xros xrsimulator";
				SWIFT_APPROACHABLE_CONCURRENCY = YES;
				SWIFT_EMIT_LOC_STRINGS = NO;
				SWIFT_UPCOMING_FEATURE_MEMBER_IMPORT_VISIBILITY = YES;
				SWIFT_VERSION = 5.0;
				TARGETED_DEVICE_FAMILY = "1,2,7";
				TEST_TARGET_NAME = mugenStudy;
				XROS_DEPLOYMENT_TARGET = 26.0;
			};
			name = Debug;
		};
		4BD755F12E69E6C500DE6BE1 /* Release */ = {
			isa = XCBuildConfiguration;
			buildSettings = {
				CODE_SIGN_STYLE = Automatic;
				CURRENT_PROJECT_VERSION = 1;
				DEVELOPMENT_TEAM = 8236RZ538Q;
				GENERATE_INFOPLIST_FILE = YES;
				IPHONEOS_DEPLOYMENT_TARGET = 26.0;
				MACOSX_DEPLOYMENT_TARGET = 26.0;
				MARKETING_VERSION = 1.0;
				PRODUCT_BUNDLE_IDENTIFIER = sairyo.mugenStudyUITests;
				PRODUCT_NAME = "$(TARGET_NAME)";
				SDKROOT = auto;
				STRING_CATALOG_GENERATE_SYMBOLS = NO;
				SUPPORTED_PLATFORMS = "iphoneos iphonesimulator macosx xros xrsimulator";
				SWIFT_APPROACHABLE_CONCURRENCY = YES;
				SWIFT_EMIT_LOC_STRINGS = NO;
				SWIFT_UPCOMING_FEATURE_MEMBER_IMPORT_VISIBILITY = YES;
				SWIFT_VERSION = 5.0;
				TARGETED_DEVICE_FAMILY = "1,2,7";
				TEST_TARGET_NAME = mugenStudy;
				XROS_DEPLOYMENT_TARGET = 26.0;
			};
			name = Release;
		};
/* End XCBuildConfiguration section */

/* Begin XCConfigurationList section */
		4BD755C32E69E6C300DE6BE1 /* Build configuration list for PBXProject "mugenStudy" */ = {
			isa = XCConfigurationList;
			buildConfigurations = (
				4BD755E72E69E6C500DE6BE1 /* Debug */,
				4BD755E82E69E6C500DE6BE1 /* Release */,
			);
			defaultConfigurationIsVisible = 0;
			defaultConfigurationName = Release;
		};
		4BD755E92E69E6C500DE6BE1 /* Build configuration list for PBXNativeTarget "mugenStudy" */ = {
			isa = XCConfigurationList;
			buildConfigurations = (
				4BD755EA2E69E6C500DE6BE1 /* Debug */,
				4BD755EB2E69E6C500DE6BE1 /* Release */,
			);
			defaultConfigurationIsVisible = 0;
			defaultConfigurationName = Release;
		};
		4BD755EC2E69E6C500DE6BE1 /* Build configuration list for PBXNativeTarget "mugenStudyTests" */ = {
			isa = XCConfigurationList;
			buildConfigurations = (
				4BD755ED2E69E6C500DE6BE1 /* Debug */,
				4BD755EE2E69E6C500DE6BE1 /* Release */,
			);
			defaultConfigurationIsVisible = 0;
			defaultConfigurationName = Release;
		};
		4BD755EF2E69E6C500DE6BE1 /* Build configuration list for PBXNativeTarget "mugenStudyUITests" */ = {
			isa = XCConfigurationList;
			buildConfigurations = (
				4BD755F02E69E6C500DE6BE1 /* Debug */,
				4BD755F12E69E6C500DE6BE1 /* Release */,
			);
			defaultConfigurationIsVisible = 0;
			defaultConfigurationName = Release;
		};
/* End XCConfigurationList section */

/* Begin XCRemoteSwiftPackageReference section */
		4B803FD82E884E4C007F1BE1 /* XCRemoteSwiftPackageReference "firebase-ios-sdk" */ = {
			isa = XCRemoteSwiftPackageReference;
			repositoryURL = "https://github.com/firebase/firebase-ios-sdk";
			requirement = {
				kind = upToNextMajorVersion;
				minimumVersion = 12.3.0;
			};
		};
		4B8D5B722E8C0F8600DD6D0A /* XCRemoteSwiftPackageReference "realm-swift" */ = {
			isa = XCRemoteSwiftPackageReference;
			repositoryURL = "https://github.com/realm/realm-swift";
			requirement = {
				branch = master;
				kind = branch;
			};
		};
		4BF27F3C2EA3387A00E6E3AF /* XCRemoteSwiftPackageReference "swift-package-manager-google-mobile-ads" */ = {
			isa = XCRemoteSwiftPackageReference;
			repositoryURL = "https://github.com/googleads/swift-package-manager-google-mobile-ads.git";
			requirement = {
				kind = upToNextMajorVersion;
				minimumVersion = 12.12.0;
			};
		};
/* End XCRemoteSwiftPackageReference section */

/* Begin XCSwiftPackageProductDependency section */
		4B803FD92E884E4C007F1BE1 /* FirebaseAuth */ = {
			isa = XCSwiftPackageProductDependency;
			package = 4B803FD82E884E4C007F1BE1 /* XCRemoteSwiftPackageReference "firebase-ios-sdk" */;
			productName = FirebaseAuth;
		};
		4B803FDB2E884E4C007F1BE1 /* FirebaseCore */ = {
			isa = XCSwiftPackageProductDependency;
			package = 4B803FD82E884E4C007F1BE1 /* XCRemoteSwiftPackageReference "firebase-ios-sdk" */;
			productName = FirebaseCore;
		};
		4B803FDD2E884E4C007F1BE1 /* FirebaseDatabase */ = {
			isa = XCSwiftPackageProductDependency;
			package = 4B803FD82E884E4C007F1BE1 /* XCRemoteSwiftPackageReference "firebase-ios-sdk" */;
			productName = FirebaseDatabase;
		};
		4B803FDF2E884E4C007F1BE1 /* FirebaseFirestore */ = {
			isa = XCSwiftPackageProductDependency;
			package = 4B803FD82E884E4C007F1BE1 /* XCRemoteSwiftPackageReference "firebase-ios-sdk" */;
			productName = FirebaseFirestore;
		};
		4B803FE12E884E4C007F1BE1 /* FirebaseStorage */ = {
			isa = XCSwiftPackageProductDependency;
			package = 4B803FD82E884E4C007F1BE1 /* XCRemoteSwiftPackageReference "firebase-ios-sdk" */;
			productName = FirebaseStorage;
		};
		4B8D5B752E8C0F8600DD6D0A /* RealmSwift */ = {
			isa = XCSwiftPackageProductDependency;
			package = 4B8D5B722E8C0F8600DD6D0A /* XCRemoteSwiftPackageReference "realm-swift" */;
			productName = RealmSwift;
		};
		4BF27F3D2EA3387A00E6E3AF /* GoogleMobileAds */ = {
			isa = XCSwiftPackageProductDependency;
			package = 4BF27F3C2EA3387A00E6E3AF /* XCRemoteSwiftPackageReference "swift-package-manager-google-mobile-ads" */;
			productName = GoogleMobileAds;
		};
/* End XCSwiftPackageProductDependency section */
	};
	rootObject = 4BD755C02E69E6C300DE6BE1 /* Project object */;
}
